
Microsoft Visual Studio Solution File, Format Version 12.00
# Visual Studio 2013
Project("{FAE04EC0-301F-11D3-BF4B-00C04F79EFBC}") = "UnityVS.Balloon Pop.CSharp", "UnityVS.Balloon Pop.CSharp.csproj", "{B41A059A-5D2F-B387-35DC-ACE2B52BABBC}"
EndProject
Global
	GlobalSection(SolutionConfigurationPlatforms) = preSolution
		Debug|Any CPU = Debug|Any CPU
		Release|Any CPU = Release|Any CPU
	EndGlobalSection
	GlobalSection(ProjectConfigurationPlatforms) = postSolution
		{B41A059A-5D2F-B387-35DC-ACE2B52BABBC}.Debug|Any CPU.ActiveCfg = Debug|Any CPU
		{B41A059A-5D2F-B387-35DC-ACE2B52BABBC}.Debug|Any CPU.Build.0 = Debug|Any CPU
		{B41A059A-5D2F-B387-35DC-ACE2B52BABBC}.Release|Any CPU.ActiveCfg = Release|Any CPU
		{B41A059A-5D2F-B387-35DC-ACE2B52BABBC}.Release|Any CPU.Build.0 = Release|Any CPU
	EndGlobalSection
	GlobalSection(SolutionProperties) = preSolution
		HideSolutionNode = FALSE
	EndGlobalSection
EndGlobal
